lockfileVersion: '9.0'

settings:
  autoInstallPeers: true
  excludeLinksFromLockfile: false

importers:

  .:
    devDependencies:
      '@biomejs/biome':
        specifier: 1.8.3
        version: 1.8.3
      '@types/node':
        specifier: ^20.14.10
        version: 20.14.10
      cspell:
        specifier: ^8.10.4
        version: 8.10.4
      typescript:
        specifier: ^5.5.3
        version: 5.5.3

  libs/animations: {}

  libs/localization: {}

  packages/helium-ui: {}

packages:

  '@biomejs/biome@1.8.3':
    resolution: {integrity: sha512-/uUV3MV+vyAczO+vKrPdOW0Iaet7UnJMU4bNMinggGJTAnBPjCoLEYcyYtYHNnUNYlv4xZMH6hVIQCAozq8d5w==}
    engines: {node: '>=14.21.3'}
    hasBin: true

  '@biomejs/cli-darwin-arm64@1.8.3':
    resolution: {integrity: sha512-9DYOjclFpKrH/m1Oz75SSExR8VKvNSSsLnVIqdnKexj6NwmiMlKk94Wa1kZEdv6MCOHGHgyyoV57Cw8WzL5n3A==}
    engines: {node: '>=14.21.3'}
    cpu: [arm64]
    os: [darwin]

  '@biomejs/cli-darwin-x64@1.8.3':
    resolution: {integrity: sha512-UeW44L/AtbmOF7KXLCoM+9PSgPo0IDcyEUfIoOXYeANaNXXf9mLUwV1GeF2OWjyic5zj6CnAJ9uzk2LT3v/wAw==}
    engines: {node: '>=14.21.3'}
    cpu: [x64]
    os: [darwin]

  '@biomejs/cli-linux-arm64-musl@1.8.3':
    resolution: {integrity: sha512-9yjUfOFN7wrYsXt/T/gEWfvVxKlnh3yBpnScw98IF+oOeCYb5/b/+K7YNqKROV2i1DlMjg9g/EcN9wvj+NkMuQ==}
    engines: {node: '>=14.21.3'}
    cpu: [arm64]
    os: [linux]

  '@biomejs/cli-linux-arm64@1.8.3':
    resolution: {integrity: sha512-fed2ji8s+I/m8upWpTJGanqiJ0rnlHOK3DdxsyVLZQ8ClY6qLuPc9uehCREBifRJLl/iJyQpHIRufLDeotsPtw==}
    engines: {node: '>=14.21.3'}
    cpu: [arm64]
    os: [linux]

  '@biomejs/cli-linux-x64-musl@1.8.3':
    resolution: {integrity: sha512-UHrGJX7PrKMKzPGoEsooKC9jXJMa28TUSMjcIlbDnIO4EAavCoVmNQaIuUSH0Ls2mpGMwUIf+aZJv657zfWWjA==}
    engines: {node: '>=14.21.3'}
    cpu: [x64]
    os: [linux]

  '@biomejs/cli-linux-x64@1.8.3':
    resolution: {integrity: sha512-I8G2QmuE1teISyT8ie1HXsjFRz9L1m5n83U1O6m30Kw+kPMPSKjag6QGUn+sXT8V+XWIZxFFBoTDEDZW2KPDDw==}
    engines: {node: '>=14.21.3'}
    cpu: [x64]
    os: [linux]

  '@biomejs/cli-win32-arm64@1.8.3':
    resolution: {integrity: sha512-J+Hu9WvrBevfy06eU1Na0lpc7uR9tibm9maHynLIoAjLZpQU3IW+OKHUtyL8p6/3pT2Ju5t5emReeIS2SAxhkQ==}
    engines: {node: '>=14.21.3'}
    cpu: [arm64]
    os: [win32]

  '@biomejs/cli-win32-x64@1.8.3':
    resolution: {integrity: sha512-/PJ59vA1pnQeKahemaQf4Nyj7IKUvGQSc3Ze1uIGi+Wvr1xF7rGobSrAAG01T/gUDG21vkDsZYM03NAmPiVkqg==}
    engines: {node: '>=14.21.3'}
    cpu: [x64]
    os: [win32]

  '@cspell/cspell-bundled-dicts@8.10.4':
    resolution: {integrity: sha512-QmgvIp9/NM60Jj6ft5oaiCFidwPwKYS9FfpfABrDLw/Jx6wwcTdy9cVbuPxT8n4LwkHpswkmIzOf4zSlnrd4MQ==}
    engines: {node: '>=18'}

  '@cspell/cspell-json-reporter@8.10.4':
    resolution: {integrity: sha512-W6aUZ2LkKkDEKgx1sjik2xQT7m6CrLxcuJiF7MkPPZMdsnXyg5jsRalkQTn7my7RZ+n5xxEO69r6jM4IImvWAg==}
    engines: {node: '>=18'}

  '@cspell/cspell-pipe@8.10.4':
    resolution: {integrity: sha512-yN+A9EIgdSkNiQnrFgsy5dzFl879ddMRHw/u38Zw4HdHIGr+xLpw5UVSKK6OacPMro853engM3dTJJDzRzh+rA==}
    engines: {node: '>=18'}

  '@cspell/cspell-resolver@8.10.4':
    resolution: {integrity: sha512-f0Y+Tol1aqrj9LsDT1oQOoj0P9uJ0ZW5PbhVlKqFeIDhrA5rYLy0ffnFESLNBRxWXaB/cznzpgMUyNfpVCXJpg==}
    engines: {node: '>=18'}

  '@cspell/cspell-service-bus@8.10.4':
    resolution: {integrity: sha512-bXIllG6C1rKjWGlKdrAfs0AKrs/iQ6ZL6kSXrzHh5NB8oyBzX8tf5v4BX3Bnh5yrjBzkT2qhL+teEcvWjjvu2w==}
    engines: {node: '>=18'}

  '@cspell/cspell-types@8.10.4':
    resolution: {integrity: sha512-K/7JALR417KYHoovk18LTJCnKXF8ToNraWX4P3NFkYZNffc62fPn0y7nV9kphdK/biLM7np9gWtHq22MhX4qgw==}
    engines: {node: '>=18'}

  '@cspell/dict-ada@4.0.2':
    resolution: {integrity: sha512-0kENOWQeHjUlfyId/aCM/mKXtkEgV0Zu2RhUXCBr4hHo9F9vph+Uu8Ww2b0i5a4ZixoIkudGA+eJvyxrG1jUpA==}

  '@cspell/dict-aws@4.0.3':
    resolution: {integrity: sha512-0C0RQ4EM29fH0tIYv+EgDQEum0QI6OrmjENC9u98pB8UcnYxGG/SqinuPxo+TgcEuInj0Q73MsBpJ1l5xUnrsw==}

  '@cspell/dict-bash@4.1.3':
    resolution: {integrity: sha512-tOdI3QVJDbQSwPjUkOiQFhYcu2eedmX/PtEpVWg0aFps/r6AyjUQINtTgpqMYnYuq8O1QUIQqnpx21aovcgZCw==}

  '@cspell/dict-companies@3.1.2':
    resolution: {integrity: sha512-OwR5i1xbYuJX7FtHQySmTy3iJtPV1rZQ3jFCxFGwrA1xRQ4rtRcDQ+sTXBCIAoJHkXa84f9J3zsngOKmMGyS/w==}

  '@cspell/dict-cpp@5.1.10':
    resolution: {integrity: sha512-BmIF0sAz2BgGEOwzYIeEm9ALneDjd1tcTbFbo+A1Hcq3zOKP8yViSgxS9CEN30KOZIyph6Tldp531UPEpoEl0Q==}

  '@cspell/dict-cryptocurrencies@5.0.0':
    resolution: {integrity: sha512-Z4ARIw5+bvmShL+4ZrhDzGhnc9znaAGHOEMaB/GURdS/jdoreEDY34wdN0NtdLHDO5KO7GduZnZyqGdRoiSmYA==}

  '@cspell/dict-csharp@4.0.2':
    resolution: {integrity: sha512-1JMofhLK+4p4KairF75D3A924m5ERMgd1GvzhwK2geuYgd2ZKuGW72gvXpIV7aGf52E3Uu1kDXxxGAiZ5uVG7g==}

  '@cspell/dict-css@4.0.12':
    resolution: {integrity: sha512-vGBgPM92MkHQF5/2jsWcnaahOZ+C6OE/fPvd5ScBP72oFY9tn5GLuomcyO0z8vWCr2e0nUSX1OGimPtcQAlvSw==}

  '@cspell/dict-dart@2.0.3':
    resolution: {integrity: sha512-cLkwo1KT5CJY5N5RJVHks2genFkNCl/WLfj+0fFjqNR+tk3tBI1LY7ldr9piCtSFSm4x9pO1x6IV3kRUY1lLiw==}

  '@cspell/dict-data-science@2.0.1':
    resolution: {integrity: sha512-xeutkzK0eBe+LFXOFU2kJeAYO6IuFUc1g7iRLr7HeCmlC4rsdGclwGHh61KmttL3+YHQytYStxaRBdGAXWC8Lw==}

  '@cspell/dict-django@4.1.0':
    resolution: {integrity: sha512-bKJ4gPyrf+1c78Z0Oc4trEB9MuhcB+Yg+uTTWsvhY6O2ncFYbB/LbEZfqhfmmuK/XJJixXfI1laF2zicyf+l0w==}

  '@cspell/dict-docker@1.1.7':
    resolution: {integrity: sha512-XlXHAr822euV36GGsl2J1CkBIVg3fZ6879ZOg5dxTIssuhUOCiV2BuzKZmt6aIFmcdPmR14+9i9Xq+3zuxeX0A==}

  '@cspell/dict-dotnet@5.0.2':
    resolution: {integrity: sha512-UD/pO2A2zia/YZJ8Kck/F6YyDSpCMq0YvItpd4YbtDVzPREfTZ48FjZsbYi4Jhzwfvc6o8R56JusAE58P+4sNQ==}

  '@cspell/dict-elixir@4.0.3':
    resolution: {integrity: sha512-g+uKLWvOp9IEZvrIvBPTr/oaO6619uH/wyqypqvwpmnmpjcfi8+/hqZH8YNKt15oviK8k4CkINIqNhyndG9d9Q==}

  '@cspell/dict-en-common-misspellings@2.0.3':
    resolution: {integrity: sha512-8nF1z9nUiSgMyikL66HTbDO7jCGtB24TxKBasXIBwkBKMDZgA2M883iXdeByy6m1JJUcCGFkSftVYp2W0bUgjw==}

  '@cspell/dict-en-gb@1.1.33':
    resolution: {integrity: sha512-tKSSUf9BJEV+GJQAYGw5e+ouhEe2ZXE620S7BLKe3ZmpnjlNG9JqlnaBhkIMxKnNFkLY2BP/EARzw31AZnOv4g==}

  '@cspell/dict-en_us@4.3.23':
    resolution: {integrity: sha512-l0SoEQBsi3zDSl3OuL4/apBkxjuj4hLIg/oy6+gZ7LWh03rKdF6VNtSZNXWAmMY+pmb1cGA3ouleTiJIglbsIg==}

  '@cspell/dict-filetypes@3.0.4':
    resolution: {integrity: sha512-IBi8eIVdykoGgIv5wQhOURi5lmCNJq0we6DvqKoPQJHthXbgsuO1qrHSiUVydMiQl/XvcnUWTMeAlVUlUClnVg==}

  '@cspell/dict-fonts@4.0.0':
    resolution: {integrity: sha512-t9V4GeN/m517UZn63kZPUYP3OQg5f0OBLSd3Md5CU3eH1IFogSvTzHHnz4Wqqbv8NNRiBZ3HfdY/pqREZ6br3Q==}

  '@cspell/dict-fsharp@1.0.1':
    resolution: {integrity: sha512-23xyPcD+j+NnqOjRHgW3IU7Li912SX9wmeefcY0QxukbAxJ/vAN4rBpjSwwYZeQPAn3fxdfdNZs03fg+UM+4yQ==}

  '@cspell/dict-fullstack@3.1.8':
    resolution: {integrity: sha512-YRlZupL7uqMCtEBK0bDP9BrcPnjDhz7m4GBqCc1EYqfXauHbLmDT8ELha7T/E7wsFKniHSjzwDZzhNXo2lusRQ==}

  '@cspell/dict-gaming-terms@1.0.5':
    resolution: {integrity: sha512-C3riccZDD3d9caJQQs1+MPfrUrQ+0KHdlj9iUR1QD92FgTOF6UxoBpvHUUZ9YSezslcmpFQK4xQQ5FUGS7uWfw==}

  '@cspell/dict-git@3.0.0':
    resolution: {integrity: sha512-simGS/lIiXbEaqJu9E2VPoYW1OTC2xrwPPXNXFMa2uo/50av56qOuaxDrZ5eH1LidFXwoc8HROCHYeKoNrDLSw==}

  '@cspell/dict-golang@6.0.9':
    resolution: {integrity: sha512-etDt2WQauyEQDA+qPS5QtkYTb2I9l5IfQftAllVoB1aOrT6bxxpHvMEpJ0Hsn/vezxrCqa/BmtUbRxllIxIuSg==}

  '@cspell/dict-google@1.0.1':
    resolution: {integrity: sha512-dQr4M3n95uOhtloNSgB9tYYGXGGEGEykkFyRtfcp5pFuEecYUa0BSgtlGKx9RXVtJtKgR+yFT/a5uQSlt8WjqQ==}

  '@cspell/dict-haskell@4.0.1':
    resolution: {integrity: sha512-uRrl65mGrOmwT7NxspB4xKXFUenNC7IikmpRZW8Uzqbqcu7ZRCUfstuVH7T1rmjRgRkjcIjE4PC11luDou4wEQ==}

  '@cspell/dict-html-symbol-entities@4.0.0':
    resolution: {integrity: sha512-HGRu+48ErJjoweR5IbcixxETRewrBb0uxQBd6xFGcxbEYCX8CnQFTAmKI5xNaIt2PKaZiJH3ijodGSqbKdsxhw==}

  '@cspell/dict-html@4.0.5':
    resolution: {integrity: sha512-p0brEnRybzSSWi8sGbuVEf7jSTDmXPx7XhQUb5bgG6b54uj+Z0Qf0V2n8b/LWwIPJNd1GygaO9l8k3HTCy1h4w==}

  '@cspell/dict-java@5.0.7':
    resolution: {integrity: sha512-ejQ9iJXYIq7R09BScU2y5OUGrSqwcD+J5mHFOKbduuQ5s/Eh/duz45KOzykeMLI6KHPVxhBKpUPBWIsfewECpQ==}

  '@cspell/dict-julia@1.0.1':
    resolution: {integrity: sha512-4JsCLCRhhLMLiaHpmR7zHFjj1qOauzDI5ZzCNQS31TUMfsOo26jAKDfo0jljFAKgw5M2fEG7sKr8IlPpQAYrmQ==}

  '@cspell/dict-k8s@1.0.5':
    resolution: {integrity: sha512-Cj+/ZV4S+MKlwfocSJZqe/2UAd/sY8YtlZjbK25VN1nCnrsKrBjfkX29vclwSj1U9aJg4Z9jw/uMjoaKu9ZrpQ==}

  '@cspell/dict-latex@4.0.0':
    resolution: {integrity: sha512-LPY4y6D5oI7D3d+5JMJHK/wxYTQa2lJMSNxps2JtuF8hbAnBQb3igoWEjEbIbRRH1XBM0X8dQqemnjQNCiAtxQ==}

  '@cspell/dict-lorem-ipsum@4.0.0':
    resolution: {integrity: sha512-1l3yjfNvMzZPibW8A7mQU4kTozwVZVw0AvFEdy+NcqtbxH+TvbSkNMqROOFWrkD2PjnKG0+Ea0tHI2Pi6Gchnw==}

  '@cspell/dict-lua@4.0.3':
    resolution: {integrity: sha512-lDHKjsrrbqPaea13+G9s0rtXjMO06gPXPYRjRYawbNmo4E/e3XFfVzeci3OQDQNDmf2cPOwt9Ef5lu2lDmwfJg==}

  '@cspell/dict-makefile@1.0.0':
    resolution: {integrity: sha512-3W9tHPcSbJa6s0bcqWo6VisEDTSN5zOtDbnPabF7rbyjRpNo0uHXHRJQF8gAbFzoTzBBhgkTmrfSiuyQm7vBUQ==}

  '@cspell/dict-monkeyc@1.0.6':
    resolution: {integrity: sha512-oO8ZDu/FtZ55aq9Mb67HtaCnsLn59xvhO/t2mLLTHAp667hJFxpp7bCtr2zOrR1NELzFXmKln/2lw/PvxMSvrA==}

  '@cspell/dict-node@5.0.1':
    resolution: {integrity: sha512-lax/jGz9h3Dv83v8LHa5G0bf6wm8YVRMzbjJPG/9rp7cAGPtdrga+XANFq+B7bY5+jiSA3zvj10LUFCFjnnCCg==}

  '@cspell/dict-npm@5.0.16':
    resolution: {integrity: sha512-ZWPnLAziEcSCvV0c8k9Qj88pfMu+wZwM5Qks87ShsfBgI8uLZ9tGHravA7gmjH1Gd7Bgxy2ulvXtSqIWPh1lew==}

  '@cspell/dict-php@4.0.8':
    resolution: {integrity: sha512-TBw3won4MCBQ2wdu7kvgOCR3dY2Tb+LJHgDUpuquy3WnzGiSDJ4AVelrZdE1xu7mjFJUr4q48aB21YT5uQqPZA==}

  '@cspell/dict-powershell@5.0.4':
    resolution: {integrity: sha512-eosDShapDgBWN9ULF7+sRNdUtzRnUdsfEdBSchDm8FZA4HOqxUSZy3b/cX/Rdw0Fnw0AKgk0kzgXw7tS6vwJMQ==}

  '@cspell/dict-public-licenses@2.0.7':
    resolution: {integrity: sha512-KlBXuGcN3LE7tQi/GEqKiDewWGGuopiAD0zRK1QilOx5Co8XAvs044gk4MNIQftc8r0nHeUI+irJKLGcR36DIQ==}

  '@cspell/dict-python@4.2.1':
    resolution: {integrity: sha512-9X2jRgyM0cxBoFQRo4Zc8oacyWnXi+0/bMI5FGibZNZV4y/o9UoFEr6agjU260/cXHTjIdkX233nN7eb7dtyRg==}

  '@cspell/dict-r@2.0.1':
    resolution: {integrity: sha512-KCmKaeYMLm2Ip79mlYPc8p+B2uzwBp4KMkzeLd5E6jUlCL93Y5Nvq68wV5fRLDRTf7N1LvofkVFWfDcednFOgA==}

  '@cspell/dict-ruby@5.0.2':
    resolution: {integrity: sha512-cIh8KTjpldzFzKGgrqUX4bFyav5lC52hXDKo4LbRuMVncs3zg4hcSf4HtURY+f2AfEZzN6ZKzXafQpThq3dl2g==}

  '@cspell/dict-rust@4.0.4':
    resolution: {integrity: sha512-v9/LcZknt/Xq7m1jdTWiQEtmkVVKdE1etAfGL2sgcWpZYewEa459HeWndNA0gfzQrpWX9sYay18mt7pqClJEdA==}

  '@cspell/dict-scala@5.0.2':
    resolution: {integrity: sha512-v97ClgidZt99JUm7OjhQugDHmhx4U8fcgunHvD/BsXWjXNj4cTr0m0YjofyZoL44WpICsNuFV9F/sv9OM5HUEw==}

  '@cspell/dict-software-terms@3.4.10':
    resolution: {integrity: sha512-S5S2sz98v4GWJ9TMo62Vp4L5RM/329e5UQfFn7yJfieTcrfXRH4IweVdz34rZcK9o5coGptgBUIv/Jcrd4cMpg==}

  '@cspell/dict-sql@2.1.3':
    resolution: {integrity: sha512-SEyTNKJrjqD6PAzZ9WpdSu6P7wgdNtGV2RV8Kpuw1x6bV+YsSptuClYG+JSdRExBTE6LwIe1bTklejUp3ZP8TQ==}

  '@cspell/dict-svelte@1.0.2':
    resolution: {integrity: sha512-rPJmnn/GsDs0btNvrRBciOhngKV98yZ9SHmg8qI6HLS8hZKvcXc0LMsf9LLuMK1TmS2+WQFAan6qeqg6bBxL2Q==}

  '@cspell/dict-swift@2.0.1':
    resolution: {integrity: sha512-gxrCMUOndOk7xZFmXNtkCEeroZRnS2VbeaIPiymGRHj5H+qfTAzAKxtv7jJbVA3YYvEzWcVE2oKDP4wcbhIERw==}

  '@cspell/dict-terraform@1.0.0':
    resolution: {integrity: sha512-Ak+vy4HP/bOgzf06BAMC30+ZvL9mzv21xLM2XtfnBLTDJGdxlk/nK0U6QT8VfFLqJ0ZZSpyOxGsUebWDCTr/zQ==}

  '@cspell/dict-typescript@3.1.5':
    resolution: {integrity: sha512-EkIwwNV/xqEoBPJml2S16RXj65h1kvly8dfDLgXerrKw6puybZdvAHerAph6/uPTYdtLcsPyJYkPt5ISOJYrtw==}

  '@cspell/dict-vue@3.0.0':
    resolution: {integrity: sha512-niiEMPWPV9IeRBRzZ0TBZmNnkK3olkOPYxC1Ny2AX4TGlYRajcW0WUtoSHmvvjZNfWLSg2L6ruiBeuPSbjnG6A==}

  '@cspell/dynamic-import@8.10.4':
    resolution: {integrity: sha512-YxpzOgrP/u0nxEMR4hUfV+4z3b0rLWnKsKIv6pLpRez7ACvrMeb53FedSMZW/YaF3NjWTpUEdqFHaemPkmwnRA==}
    engines: {node: '>=18.0'}

  '@cspell/strong-weak-map@8.10.4':
    resolution: {integrity: sha512-QyL8mvv8HDnIHU/wKqWf04yMHCHv3icakZF4UdAk181tl8gymzrtyXSSbMaVlySlK9p+7OQlEG/KUF8R0LR75Q==}
    engines: {node: '>=18'}

  '@cspell/url@8.10.4':
    resolution: {integrity: sha512-4+Bxm43py50W872FjUvKoT9+EQoK9pqOblxu7GRfFx7CjEgYJB03Cb4rHiKYzLuJakUk6IyAlgPD2vNZO37Vzg==}
    engines: {node: '>=18.0'}

  '@nodelib/fs.scandir@2.1.5':
    resolution: {integrity: sha512-vq24Bq3ym5HEQm2NKCr3yXDwjc7vTsEThRDnkp2DK9p1uqLR+DHurm/NOTo0KG7HYHU7eppKZj3MyqYuMBf62g==}
    engines: {node: '>= 8'}

  '@nodelib/fs.stat@2.0.5':
    resolution: {integrity: sha512-RkhPPp2zrqDAQA/2jNhnztcPAlv64XdhIp7a7454A5ovI7Bukxgt7MX7udwAu3zg1DcpPU0rz3VV1SeaqvY4+A==}
    engines: {node: '>= 8'}

  '@nodelib/fs.walk@1.2.8':
    resolution: {integrity: sha512-oGB+UxlgWcgQkgwo8GcEGwemoTFt3FIO9ababBmaGwXIoBKZ+GTy0pP185beGg7Llih/NSHSV2XAs1lnznocSg==}
    engines: {node: '>= 8'}

  '@types/node@20.14.10':
    resolution: {integrity: sha512-MdiXf+nDuMvY0gJKxyfZ7/6UFsETO7mGKF54MVD/ekJS6HdFtpZFBgrh6Pseu64XTb2MLyFPlbW6hj8HYRQNOQ==}

  ansi-regex@6.0.1:
    resolution: {integrity: sha512-n5M855fKb2SsfMIiFFoVrABHJC8QtHwVx+mHWP3QcEqBHYienj5dHSgjbxtC0WEZXYt4wcD6zrQElDPhFuZgfA==}
    engines: {node: '>=12'}

  array-timsort@1.0.3:
    resolution: {integrity: sha512-/+3GRL7dDAGEfM6TseQk/U+mi18TU2Ms9I3UlLdUMhz2hbvGNTKdj9xniwXfUqgYhHxRx0+8UnKkvlNwVU+cWQ==}

  braces@3.0.3:
    resolution: {integrity: sha512-yQbXgO/OSZVD2IsiLlro+7Hf6Q18EJrKSEsdoMzKePKXct3gvD8oLcOQdIzGupr5Fj+EDe8gO/lxc1BzfMpxvA==}
    engines: {node: '>=8'}

  callsites@3.1.0:
    resolution: {integrity: sha512-P8BjAsXvZS+VIDUI11hHCQEv74YT67YUi5JJFNWIqL235sBmjX4+qx9Muvls5ivyNENctx46xQLQ3aTuE7ssaQ==}
    engines: {node: '>=6'}

  chalk-template@1.1.0:
    resolution: {integrity: sha512-T2VJbcDuZQ0Tb2EWwSotMPJjgpy1/tGee1BTpUNsGZ/qgNjV2t7Mvu+d4600U564nbLesN1x2dPL+xii174Ekg==}
    engines: {node: '>=14.16'}

  chalk@5.3.0:
    resolution: {integrity: sha512-dLitG79d+GV1Nb/VYcCDFivJeK1hiukt9QjRNVOsUtTy1rR1YJsmpGGTZ3qJos+uw7WmWF4wUwBd9jxjocFC2w==}
    engines: {node: ^12.17.0 || ^14.13 || >=16.0.0}

  clear-module@4.1.2:
    resolution: {integrity: sha512-LWAxzHqdHsAZlPlEyJ2Poz6AIs384mPeqLVCru2p0BrP9G/kVGuhNyZYClLO6cXlnuJjzC8xtsJIuMjKqLXoAw==}
    engines: {node: '>=8'}

  commander@12.1.0:
    resolution: {integrity: sha512-Vw8qHK3bZM9y/P10u3Vib8o/DdkvA2OtPtZvD871QKjy74Wj1WSKFILMPRPSdUSx5RFK1arlJzEtA4PkFgnbuA==}
    engines: {node: '>=18'}

  comment-json@4.2.4:
    resolution: {integrity: sha512-E5AjpSW+O+N5T2GsOQMHLLsJvrYw6G/AFt9GvU6NguEAfzKShh7hRiLtVo6S9KbRpFMGqE5ojo0/hE+sdteWvQ==}
    engines: {node: '>= 6'}

  core-util-is@1.0.3:
    resolution: {integrity: sha512-ZQBvi1DcpJ4GDqanjucZ2Hj3wEO5pZDS89BWbkcrvdxksJorwUDDZamX9ldFkp9aw2lmBDLgkObEA4DWNJ9FYQ==}

  cspell-config-lib@8.10.4:
    resolution: {integrity: sha512-0VgnDEU4/+PWG+8x0FBN0QPun14sox9n7DBMvKGwAORhfiuYJ9w8kdrS/QqHdpHsRRQhXP1SWR8Nfg/5dUxsPg==}
    engines: {node: '>=18'}

  cspell-dictionary@8.10.4:
    resolution: {integrity: sha512-9Hg2eTYbTKMoPy0r/IjGwcIII7PLGpeZlG1XzCDP4MW/bV4TGB6EfY8RAmhUt8cTwo7f6fxqu53WLaR3YPEozg==}
    engines: {node: '>=18'}

  cspell-gitignore@8.10.4:
    resolution: {integrity: sha512-OtN/nZAxgFYGdV+hCK8tF3drlGJJ+42W278cIM67H67cHYupVICFgsDLiNBz/iR/J9S4pEU5WXu2yPtHFHvVUQ==}
    engines: {node: '>=18'}
    hasBin: true

  cspell-glob@8.10.4:
    resolution: {integrity: sha512-HPRK6ZtHBzY/zGMhajzJ2MOgHMgY74/FijtaZkYc09QTEjONhIO4VWcrxrr1/qoM/qAp2Y/CKcBM/OOiHls7+A==}
    engines: {node: '>=18'}

  cspell-grammar@8.10.4:
    resolution: {integrity: sha512-AW9JqEmMJLrbBwN/3BAwpHgOz5WFyb4syS+pjFRdZGx/w9e9ZSn4xyfnQ3mjNaFc/oZUcXy+q032bNZQppjGXA==}
    engines: {node: '>=18'}
    hasBin: true

  cspell-io@8.10.4:
    resolution: {integrity: sha512-IU+w0hNUQSR99ftC5Jr5D3Vtg70AOUSvdFXHO13qVf3GBnfYxbltQirbY5afLFUWDY6ayNO3GsZisCMdywmlwg==}
    engines: {node: '>=18'}

  cspell-lib@8.10.4:
    resolution: {integrity: sha512-u1Edp5p2zwnBuQ9pBFg+YfAWB1c1uERWSZkteD5uClVz21zY5Aiikl41gOLi6Qm5+oWCWW+nP1HcC6B6wlFLHQ==}
    engines: {node: '>=18'}

  cspell-trie-lib@8.10.4:
    resolution: {integrity: sha512-PQDwEYI10sp9nwnUA8HFFZr1c5j1Zrk9p8oqk7KUy+QUF3XcJn3ayLenPNUG95U/ysg3RBHc7/Vmh7unvXNRlQ==}
    engines: {node: '>=18'}

  cspell@8.10.4:
    resolution: {integrity: sha512-6eu42atG3ohf1r8vkRCKHBgUED+MOY7ErwPodeEtiHOqCXBtTCoPQXbqJozRy5Jfr2VMCMiryknxI4dH5yzjuQ==}
    engines: {node: '>=18'}
    hasBin: true

  env-paths@3.0.0:
    resolution: {integrity: sha512-dtJUTepzMW3Lm/NPxRf3wP4642UWhjL2sQxc+ym2YMj1m/H2zDNQOlezafzkHwn6sMstjHTwG6iQQsctDW/b1A==}
    engines: {node: ^12.20.0 || ^14.13.1 || >=16.0.0}

  esprima@4.0.1:
    resolution: {integrity: sha512-eGuFFw7Upda+g4p+QHvnW0RyTX/SVeJBDM/gCtMARO0cLuT2HcEKnTPvhjV6aGeqrCB/sbNop0Kszm0jsaWU4A==}
    engines: {node: '>=4'}
    hasBin: true

  fast-equals@5.0.1:
    resolution: {integrity: sha512-WF1Wi8PwwSY7/6Kx0vKXtw8RwuSGoM1bvDaJbu7MxDlR1vovZjIAKrnzyrThgAjm6JDTu0fVgWXDlMGspodfoQ==}
    engines: {node: '>=6.0.0'}

  fast-glob@3.3.2:
    resolution: {integrity: sha512-oX2ruAFQwf/Orj8m737Y5adxDQO0LAB7/S5MnxCdTNDd4p6BsyIVsv9JQsATbTSq8KHRpLwIHbVlUNatxd+1Ow==}
    engines: {node: '>=8.6.0'}

  fast-json-stable-stringify@2.1.0:
    resolution: {integrity: sha512-lhd/wF+Lk98HZoTCtlVraHtfh5XYijIjalXck7saUtuanSDyLMxnHhSXEDJqHxD7msR8D0uCmqlkwjCV8xvwHw==}

  fastq@1.17.1:
    resolution: {integrity: sha512-sRVD3lWVIXWg6By68ZN7vho9a1pQcN/WBFaAAsDDFzlJjvoGx0P8z7V1t72grFJfJhu3YPZBuu25f7Kaw2jN1w==}

  file-entry-cache@8.0.0:
    resolution: {integrity: sha512-XXTUwCvisa5oacNGRP9SfNtYBNAMi+RPwBFmblZEF7N7swHYQS6/Zfk7SRwx4D5j3CH211YNRco1DEMNVfZCnQ==}
    engines: {node: '>=16.0.0'}

  fill-range@7.1.1:
    resolution: {integrity: sha512-YsGpe3WHLK8ZYi4tWDg2Jy3ebRz2rXowDxnld4bkQB00cc/1Zw9AWnC0i9ztDJitivtQvaI9KaLyKrc+hBW0yg==}
    engines: {node: '>=8'}

  find-up-simple@1.0.0:
    resolution: {integrity: sha512-q7Us7kcjj2VMePAa02hDAF6d+MzsdsAWEwYyOpwUtlerRBkOEPBCRZrAV4XfcSN8fHAgaD0hP7miwoay6DCprw==}
    engines: {node: '>=18'}

  flat-cache@4.0.1:
    resolution: {integrity: sha512-f7ccFPK3SXFHpx15UIGyRJ/FJQctuKZ0zVuN3frBo4HnK3cay9VEW0R6yPYFHC0AgqhukPzKjq22t5DmAyqGyw==}
    engines: {node: '>=16'}

  flatted@3.3.1:
    resolution: {integrity: sha512-X8cqMLLie7KsNUDSdzeN8FYK9rEt4Dt67OsG/DNGnYTSDBG4uFAJFBnUeiV+zCVAvwFy56IjM9sH51jVaEhNxw==}

  gensequence@7.0.0:
    resolution: {integrity: sha512-47Frx13aZh01afHJTB3zTtKIlFI6vWY+MYCN9Qpew6i52rfKjnhCF/l1YlC8UmEMvvntZZ6z4PiCcmyuedR2aQ==}
    engines: {node: '>=18'}

  get-stdin@9.0.0:
    resolution: {integrity: sha512-dVKBjfWisLAicarI2Sf+JuBE/DghV4UzNAVe9yhEJuzeREd3JhOTE9cUaJTeSa77fsbQUK3pcOpJfM59+VKZaA==}
    engines: {node: '>=12'}

  glob-parent@5.1.2:
    resolution: {integrity: sha512-AOIgSQCepiJYwP3ARnGx+5VnTu2HBYdzbGP45eLw1vr3zB3vZLeyed1sC9hnbcOc9/SrMyM5RPQrkGz4aS9Zow==}
    engines: {node: '>= 6'}

  global-directory@4.0.1:
    resolution: {integrity: sha512-wHTUcDUoZ1H5/0iVqEudYW4/kAlN5cZ3j/bXn0Dpbizl9iaUVeWSHqiOjsgk6OW2bkLclbBjzewBz6weQ1zA2Q==}
    engines: {node: '>=18'}

  has-own-prop@2.0.0:
    resolution: {integrity: sha512-Pq0h+hvsVm6dDEa8x82GnLSYHOzNDt7f0ddFa3FqcQlgzEiptPqL+XrOJNavjOzSYiYWIrgeVYYgGlLmnxwilQ==}
    engines: {node: '>=8'}

  import-fresh@3.3.0:
    resolution: {integrity: sha512-veYYhQa+D1QBKznvhUHxb8faxlrwUnxseDAbAp457E0wLNio2bOSKnjYDhMj+YiAq61xrMGhQk9iXVk5FzgQMw==}
    engines: {node: '>=6'}

  import-meta-resolve@4.1.0:
    resolution: {integrity: sha512-I6fiaX09Xivtk+THaMfAwnA3MVA5Big1WHF1Dfx9hFuvNIWpXnorlkzhcQf6ehrqQiiZECRt1poOAkPmer3ruw==}

  ini@4.1.1:
    resolution: {integrity: sha512-QQnnxNyfvmHFIsj7gkPcYymR8Jdw/o7mp5ZFihxn6h8Ci6fh3Dx4E1gPjpQEpIuPo9XVNY/ZUwh4BPMjGyL01g==}
    engines: {node: ^14.17.0 || ^16.13.0 || >=18.0.0}

  is-extglob@2.1.1:
    resolution: {integrity: sha512-SbKbANkN603Vi4jEZv49LeVJMn4yGwsbzZworEoyEiutsN3nJYdbO36zfhGJ6QEDpOZIFkDtnq5JRxmvl3jsoQ==}
    engines: {node: '>=0.10.0'}

  is-glob@4.0.3:
    resolution: {integrity: sha512-xelSayHH36ZgE7ZWhli7pW34hNbNl8Ojv5KVmkJD4hBdD3th8Tfk9vYasLM+mXWOZhFkgZfxhLSnrwRr4elSSg==}
    engines: {node: '>=0.10.0'}

  is-number@7.0.0:
    resolution: {integrity: sha512-41Cifkg6e8TylSpdtTpeLVMqvSBEVzTttHvERD741+pnZ8ANv0004MRL43QKPDlK9cGvNp6NZWZUBlbGXYxxng==}
    engines: {node: '>=0.12.0'}

  json-buffer@3.0.1:
    resolution: {integrity: sha512-4bV5BfR2mqfQTJm+V5tPPdf+ZpuhiIvTuAB5g8kcrXOZpTT/QwwVRWBywX1ozr6lEuPdbHxwaJlm9G6mI2sfSQ==}

  keyv@4.5.4:
    resolution: {integrity: sha512-oxVHkHR/EJf2CNXnWxRLW6mg7JyCCUcG0DtEGmL2ctUo1PNTin1PUil+r/+4r5MpVgC/fn1kjsx7mjSujKqIpw==}

  merge2@1.4.1:
    resolution: {integrity: sha512-8q7VEgMJW4J8tcfVPy8g09NcQwZdbwFEqhe/WZkoIzjn/3TGDwtOCYtXGxA3O8tPzpczCCDgv+P2P5y00ZJOOg==}
    engines: {node: '>= 8'}

  micromatch@4.0.7:
    resolution: {integrity: sha512-LPP/3KorzCwBxfeUuZmaR6bG2kdeHSbe0P2tY3FLRU4vYrjYz5hI4QZwV0njUx3jeuKe67YukQ1LSPZBKDqO/Q==}
    engines: {node: '>=8.6'}

  parent-module@1.0.1:
    resolution: {integrity: sha512-GQ2EWRpQV8/o+Aw8YqtfZZPfNRWZYkbidE9k5rpl/hC3vtHHBfGm2Ifi6qWV+coDGkrUKZAxE3Lot5kcsRlh+g==}
    engines: {node: '>=6'}

  parent-module@2.0.0:
    resolution: {integrity: sha512-uo0Z9JJeWzv8BG+tRcapBKNJ0dro9cLyczGzulS6EfeyAdeC9sbojtW6XwvYxJkEne9En+J2XEl4zyglVeIwFg==}
    engines: {node: '>=8'}

  picomatch@2.3.1:
    resolution: {integrity: sha512-JU3teHTNjmE2VCGFzuY8EXzCDVwEqB2a8fsIvwaStHhAWJEeVd1o1QD80CU6+ZdEXXSLbSsuLwJjkCBWqRQUVA==}
    engines: {node: '>=8.6'}

  queue-microtask@1.2.3:
    resolution: {integrity: sha512-NuaNSa6flKT5JaSYQzJok04JzTL1CA6aGhv5rfLW3PgqA+M2ChpZQnAC8h8i4ZFkBS8X5RqkDBHA7r4hej3K9A==}

  repeat-string@1.6.1:
    resolution: {integrity: sha512-PV0dzCYDNfRi1jCDbJzpW7jNNDRuCOG/jI5ctQcGKt/clZD+YcPS3yIlWuTJMmESC8aevCFmWJy5wjAFgNqN6w==}
    engines: {node: '>=0.10'}

  resolve-from@4.0.0:
    resolution: {integrity: sha512-pb/MYmXstAkysRFx8piNI1tGFNQIFA3vkE3Gq4EuA1dF6gHp/+vgZqsCGJapvy8N3Q+4o7FwvquPJcnZ7RYy4g==}
    engines: {node: '>=4'}

  resolve-from@5.0.0:
    resolution: {integrity: sha512-qYg9KP24dD5qka9J47d0aVky0N+b4fTU89LN9iDnjB5waksiC49rvMB0PrUJQGoTmH50XPiqOvAjDfaijGxYZw==}
    engines: {node: '>=8'}

  reusify@1.0.4:
    resolution: {integrity: sha512-U9nH88a3fc/ekCF1l0/UP1IosiuIjyTh7hBvXVMHYgVcfGvt897Xguj2UOLDeI5BG2m7/uwyaLVT6fbtCwTyzw==}
    engines: {iojs: '>=1.0.0', node: '>=0.10.0'}

  run-parallel@1.2.0:
    resolution: {integrity: sha512-5l4VyZR86LZ/lDxZTR6jqL8AFE2S0IFLMP26AbjsLVADxHdhB/c0GUsH+y39UfCi3dzz8OlQuPmnaJOMoDHQBA==}

  semver@7.6.2:
    resolution: {integrity: sha512-FNAIBWCx9qcRhoHcgcJ0gvU7SN1lYU2ZXuSfl04bSC5OpvDHFyJCjdNHomPXxjQlCBU67YW64PzY7/VIEH7F2w==}
    engines: {node: '>=10'}
    hasBin: true

  strip-ansi@7.1.0:
    resolution: {integrity: sha512-iq6eVVI64nQQTRYq2KtEg2d2uU7LElhTJwsH4YzIHZshxlgZms/wIc4VoDQTlG/IvVIrBKG06CrZnp0qv7hkcQ==}
    engines: {node: '>=12'}

  to-regex-range@5.0.1:
    resolution: {integrity: sha512-65P7iz6X5yEr1cwcgvQxbbIw7Uk3gOy5dIdtZ4rDveLqhrdJP+Li/Hx6tyK0NEb+2GCyneCMJiGqrADCSNk8sQ==}
    engines: {node: '>=8.0'}

  typescript@5.5.3:
    resolution: {integrity: sha512-/hreyEujaB0w76zKo6717l3L0o/qEUtRgdvUBvlkhoWeOVMjMuHNHk0BRBzikzuGDqNmPQbg5ifMEqsHLiIUcQ==}
    engines: {node: '>=14.17'}
    hasBin: true

  undici-types@5.26.5:
    resolution: {integrity: sha512-JlCMO+ehdEIKqlFxk6IfVoAUVmgz7cU7zD/h9XZ0qzeosSHmUJVOzSQvvYSYWXkFXC+IfLKSIffhv0sVZup6pA==}

  vscode-languageserver-textdocument@1.0.11:
    resolution: {integrity: sha512-X+8T3GoiwTVlJbicx/sIAF+yuJAqz8VvwJyoMVhwEMoEKE/fkDmrqUgDMyBECcM2A2frVZIUj5HI/ErRXCfOeA==}

  vscode-uri@3.0.8:
    resolution: {integrity: sha512-AyFQ0EVmsOZOlAnxoFOGOq1SQDWAB7C6aqMGS23svWAllfOaxbuFvcT8D1i8z3Gyn8fraVeZNNmN6e9bxxXkKw==}

  xdg-basedir@5.1.0:
    resolution: {integrity: sha512-GCPAHLvrIH13+c0SuacwvRYj2SxJXQ4kaVTT5xgL3kPrz56XxkF21IGhjSE1+W0aw7gpBWRGXLCPnPby6lSpmQ==}
    engines: {node: '>=12'}

  yaml@2.4.5:
    resolution: {integrity: sha512-aBx2bnqDzVOyNKfsysjA2ms5ZlnjSAW2eG3/L5G/CSujfjLJTJsEw1bGw8kCf04KodQWk1pxlGnZ56CRxiawmg==}
    engines: {node: '>= 14'}
    hasBin: true

snapshots:

  '@biomejs/biome@1.8.3':
    optionalDependencies:
      '@biomejs/cli-darwin-arm64': 1.8.3
      '@biomejs/cli-darwin-x64': 1.8.3
      '@biomejs/cli-linux-arm64': 1.8.3
      '@biomejs/cli-linux-arm64-musl': 1.8.3
      '@biomejs/cli-linux-x64': 1.8.3
      '@biomejs/cli-linux-x64-musl': 1.8.3
      '@biomejs/cli-win32-arm64': 1.8.3
      '@biomejs/cli-win32-x64': 1.8.3

  '@biomejs/cli-darwin-arm64@1.8.3':
    optional: true

  '@biomejs/cli-darwin-x64@1.8.3':
    optional: true

  '@biomejs/cli-linux-arm64-musl@1.8.3':
    optional: true

  '@biomejs/cli-linux-arm64@1.8.3':
    optional: true

  '@biomejs/cli-linux-x64-musl@1.8.3':
    optional: true

  '@biomejs/cli-linux-x64@1.8.3':
    optional: true

  '@biomejs/cli-win32-arm64@1.8.3':
    optional: true

  '@biomejs/cli-win32-x64@1.8.3':
    optional: true

  '@cspell/cspell-bundled-dicts@8.10.4':
    dependencies:
      '@cspell/dict-ada': 4.0.2
      '@cspell/dict-aws': 4.0.3
      '@cspell/dict-bash': 4.1.3
      '@cspell/dict-companies': 3.1.2
      '@cspell/dict-cpp': 5.1.10
      '@cspell/dict-cryptocurrencies': 5.0.0
      '@cspell/dict-csharp': 4.0.2
      '@cspell/dict-css': 4.0.12
      '@cspell/dict-dart': 2.0.3
      '@cspell/dict-django': 4.1.0
      '@cspell/dict-docker': 1.1.7
      '@cspell/dict-dotnet': 5.0.2
      '@cspell/dict-elixir': 4.0.3
      '@cspell/dict-en-common-misspellings': 2.0.3
      '@cspell/dict-en-gb': 1.1.33
      '@cspell/dict-en_us': 4.3.23
      '@cspell/dict-filetypes': 3.0.4
      '@cspell/dict-fonts': 4.0.0
      '@cspell/dict-fsharp': 1.0.1
      '@cspell/dict-fullstack': 3.1.8
      '@cspell/dict-gaming-terms': 1.0.5
      '@cspell/dict-git': 3.0.0
      '@cspell/dict-golang': 6.0.9
      '@cspell/dict-google': 1.0.1
      '@cspell/dict-haskell': 4.0.1
      '@cspell/dict-html': 4.0.5
      '@cspell/dict-html-symbol-entities': 4.0.0
      '@cspell/dict-java': 5.0.7
      '@cspell/dict-julia': 1.0.1
      '@cspell/dict-k8s': 1.0.5
      '@cspell/dict-latex': 4.0.0
      '@cspell/dict-lorem-ipsum': 4.0.0
      '@cspell/dict-lua': 4.0.3
      '@cspell/dict-makefile': 1.0.0
      '@cspell/dict-monkeyc': 1.0.6
      '@cspell/dict-node': 5.0.1
      '@cspell/dict-npm': 5.0.16
      '@cspell/dict-php': 4.0.8
      '@cspell/dict-powershell': 5.0.4
      '@cspell/dict-public-licenses': 2.0.7
      '@cspell/dict-python': 4.2.1
      '@cspell/dict-r': 2.0.1
      '@cspell/dict-ruby': 5.0.2
      '@cspell/dict-rust': 4.0.4
      '@cspell/dict-scala': 5.0.2
      '@cspell/dict-software-terms': 3.4.10
      '@cspell/dict-sql': 2.1.3
      '@cspell/dict-svelte': 1.0.2
      '@cspell/dict-swift': 2.0.1
      '@cspell/dict-terraform': 1.0.0
      '@cspell/dict-typescript': 3.1.5
      '@cspell/dict-vue': 3.0.0

  '@cspell/cspell-json-reporter@8.10.4':
    dependencies:
      '@cspell/cspell-types': 8.10.4

  '@cspell/cspell-pipe@8.10.4': {}

  '@cspell/cspell-resolver@8.10.4':
    dependencies:
      global-directory: 4.0.1

  '@cspell/cspell-service-bus@8.10.4': {}

  '@cspell/cspell-types@8.10.4': {}

  '@cspell/dict-ada@4.0.2': {}

  '@cspell/dict-aws@4.0.3': {}

  '@cspell/dict-bash@4.1.3': {}

  '@cspell/dict-companies@3.1.2': {}

  '@cspell/dict-cpp@5.1.10': {}

  '@cspell/dict-cryptocurrencies@5.0.0': {}

  '@cspell/dict-csharp@4.0.2': {}

  '@cspell/dict-css@4.0.12': {}

  '@cspell/dict-dart@2.0.3': {}

  '@cspell/dict-data-science@2.0.1': {}

  '@cspell/dict-django@4.1.0': {}

  '@cspell/dict-docker@1.1.7': {}

  '@cspell/dict-dotnet@5.0.2': {}

  '@cspell/dict-elixir@4.0.3': {}

  '@cspell/dict-en-common-misspellings@2.0.3': {}

  '@cspell/dict-en-gb@1.1.33': {}

  '@cspell/dict-en_us@4.3.23': {}

  '@cspell/dict-filetypes@3.0.4': {}

  '@cspell/dict-fonts@4.0.0': {}

  '@cspell/dict-fsharp@1.0.1': {}

  '@cspell/dict-fullstack@3.1.8': {}

  '@cspell/dict-gaming-terms@1.0.5': {}

  '@cspell/dict-git@3.0.0': {}

  '@cspell/dict-golang@6.0.9': {}

  '@cspell/dict-google@1.0.1': {}

  '@cspell/dict-haskell@4.0.1': {}

  '@cspell/dict-html-symbol-entities@4.0.0': {}

  '@cspell/dict-html@4.0.5': {}

  '@cspell/dict-java@5.0.7': {}

  '@cspell/dict-julia@1.0.1': {}

  '@cspell/dict-k8s@1.0.5': {}

  '@cspell/dict-latex@4.0.0': {}

  '@cspell/dict-lorem-ipsum@4.0.0': {}

  '@cspell/dict-lua@4.0.3': {}

  '@cspell/dict-makefile@1.0.0': {}

  '@cspell/dict-monkeyc@1.0.6': {}

  '@cspell/dict-node@5.0.1': {}

  '@cspell/dict-npm@5.0.16': {}

  '@cspell/dict-php@4.0.8': {}

  '@cspell/dict-powershell@5.0.4': {}

  '@cspell/dict-public-licenses@2.0.7': {}

  '@cspell/dict-python@4.2.1':
    dependencies:
      '@cspell/dict-data-science': 2.0.1

  '@cspell/dict-r@2.0.1': {}

  '@cspell/dict-ruby@5.0.2': {}

  '@cspell/dict-rust@4.0.4': {}

  '@cspell/dict-scala@5.0.2': {}

  '@cspell/dict-software-terms@3.4.10': {}

  '@cspell/dict-sql@2.1.3': {}

  '@cspell/dict-svelte@1.0.2': {}

  '@cspell/dict-swift@2.0.1': {}

  '@cspell/dict-terraform@1.0.0': {}

  '@cspell/dict-typescript@3.1.5': {}

  '@cspell/dict-vue@3.0.0': {}

  '@cspell/dynamic-import@8.10.4':
    dependencies:
      import-meta-resolve: 4.1.0

  '@cspell/strong-weak-map@8.10.4': {}

  '@cspell/url@8.10.4': {}

  '@nodelib/fs.scandir@2.1.5':
    dependencies:
      '@nodelib/fs.stat': 2.0.5
      run-parallel: 1.2.0

  '@nodelib/fs.stat@2.0.5': {}

  '@nodelib/fs.walk@1.2.8':
    dependencies:
      '@nodelib/fs.scandir': 2.1.5
      fastq: 1.17.1

  '@types/node@20.14.10':
    dependencies:
      undici-types: 5.26.5

  ansi-regex@6.0.1: {}

  array-timsort@1.0.3: {}

  braces@3.0.3:
    dependencies:
      fill-range: 7.1.1

  callsites@3.1.0: {}

  chalk-template@1.1.0:
    dependencies:
      chalk: 5.3.0

  chalk@5.3.0: {}

  clear-module@4.1.2:
    dependencies:
      parent-module: 2.0.0
      resolve-from: 5.0.0

  commander@12.1.0: {}

  comment-json@4.2.4:
    dependencies:
      array-timsort: 1.0.3
      core-util-is: 1.0.3
      esprima: 4.0.1
      has-own-prop: 2.0.0
      repeat-string: 1.6.1

  core-util-is@1.0.3: {}

  cspell-config-lib@8.10.4:
    dependencies:
      '@cspell/cspell-types': 8.10.4
      comment-json: 4.2.4
      yaml: 2.4.5

  cspell-dictionary@8.10.4:
    dependencies:
      '@cspell/cspell-pipe': 8.10.4
      '@cspell/cspell-types': 8.10.4
      cspell-trie-lib: 8.10.4
      fast-equals: 5.0.1
      gensequence: 7.0.0

  cspell-gitignore@8.10.4:
    dependencies:
      '@cspell/url': 8.10.4
      cspell-glob: 8.10.4
      cspell-io: 8.10.4
      find-up-simple: 1.0.0

  cspell-glob@8.10.4:
    dependencies:
      '@cspell/url': 8.10.4
      micromatch: 4.0.7

  cspell-grammar@8.10.4:
    dependencies:
      '@cspell/cspell-pipe': 8.10.4
      '@cspell/cspell-types': 8.10.4

  cspell-io@8.10.4:
    dependencies:
      '@cspell/cspell-service-bus': 8.10.4
      '@cspell/url': 8.10.4

  cspell-lib@8.10.4:
    dependencies:
      '@cspell/cspell-bundled-dicts': 8.10.4
      '@cspell/cspell-pipe': 8.10.4
      '@cspell/cspell-resolver': 8.10.4
      '@cspell/cspell-types': 8.10.4
      '@cspell/dynamic-import': 8.10.4
      '@cspell/strong-weak-map': 8.10.4
      '@cspell/url': 8.10.4
      clear-module: 4.1.2
      comment-json: 4.2.4
      cspell-config-lib: 8.10.4
      cspell-dictionary: 8.10.4
      cspell-glob: 8.10.4
      cspell-grammar: 8.10.4
      cspell-io: 8.10.4
      cspell-trie-lib: 8.10.4
      env-paths: 3.0.0
      fast-equals: 5.0.1
      gensequence: 7.0.0
      import-fresh: 3.3.0
      resolve-from: 5.0.0
      vscode-languageserver-textdocument: 1.0.11
      vscode-uri: 3.0.8
      xdg-basedir: 5.1.0

  cspell-trie-lib@8.10.4:
    dependencies:
      '@cspell/cspell-pipe': 8.10.4
      '@cspell/cspell-types': 8.10.4
      gensequence: 7.0.0

  cspell@8.10.4:
    dependencies:
      '@cspell/cspell-json-reporter': 8.10.4
      '@cspell/cspell-pipe': 8.10.4
      '@cspell/cspell-types': 8.10.4
      '@cspell/dynamic-import': 8.10.4
      chalk: 5.3.0
      chalk-template: 1.1.0
      commander: 12.1.0
      cspell-gitignore: 8.10.4
      cspell-glob: 8.10.4
      cspell-io: 8.10.4
      cspell-lib: 8.10.4
      fast-glob: 3.3.2
      fast-json-stable-stringify: 2.1.0
      file-entry-cache: 8.0.0
      get-stdin: 9.0.0
      semver: 7.6.2
      strip-ansi: 7.1.0
      vscode-uri: 3.0.8

  env-paths@3.0.0: {}

  esprima@4.0.1: {}

  fast-equals@5.0.1: {}

  fast-glob@3.3.2:
    dependencies:
      '@nodelib/fs.stat': 2.0.5
      '@nodelib/fs.walk': 1.2.8
      glob-parent: 5.1.2
      merge2: 1.4.1
      micromatch: 4.0.7

  fast-json-stable-stringify@2.1.0: {}

  fastq@1.17.1:
    dependencies:
      reusify: 1.0.4

  file-entry-cache@8.0.0:
    dependencies:
      flat-cache: 4.0.1

  fill-range@7.1.1:
    dependencies:
      to-regex-range: 5.0.1

  find-up-simple@1.0.0: {}

  flat-cache@4.0.1:
    dependencies:
      flatted: 3.3.1
      keyv: 4.5.4

  flatted@3.3.1: {}

  gensequence@7.0.0: {}

  get-stdin@9.0.0: {}

  glob-parent@5.1.2:
    dependencies:
      is-glob: 4.0.3

  global-directory@4.0.1:
    dependencies:
      ini: 4.1.1

  has-own-prop@2.0.0: {}

  import-fresh@3.3.0:
    dependencies:
      parent-module: 1.0.1
      resolve-from: 4.0.0

  import-meta-resolve@4.1.0: {}

  ini@4.1.1: {}

  is-extglob@2.1.1: {}

  is-glob@4.0.3:
    dependencies:
      is-extglob: 2.1.1

  is-number@7.0.0: {}

  json-buffer@3.0.1: {}

  keyv@4.5.4:
    dependencies:
      json-buffer: 3.0.1

  merge2@1.4.1: {}

  micromatch@4.0.7:
    dependencies:
      braces: 3.0.3
      picomatch: 2.3.1

  parent-module@1.0.1:
    dependencies:
      callsites: 3.1.0

  parent-module@2.0.0:
    dependencies:
      callsites: 3.1.0

  picomatch@2.3.1: {}

  queue-microtask@1.2.3: {}

  repeat-string@1.6.1: {}

  resolve-from@4.0.0: {}

  resolve-from@5.0.0: {}

  reusify@1.0.4: {}

  run-parallel@1.2.0:
    dependencies:
      queue-microtask: 1.2.3

  semver@7.6.2: {}

  strip-ansi@7.1.0:
    dependencies:
      ansi-regex: 6.0.1

  to-regex-range@5.0.1:
    dependencies:
      is-number: 7.0.0

  typescript@5.5.3: {}

  undici-types@5.26.5: {}

  vscode-languageserver-textdocument@1.0.11: {}

  vscode-uri@3.0.8: {}

  xdg-basedir@5.1.0: {}

  yaml@2.4.5: {}
